
Microsoft Visual Studio Solution File, Format Version 12.00
# Visual Studio Version 16
VisualStudioVersion = 16.0.29411.108
MinimumVisualStudioVersion = 10.0.40219.1
Project("{FAE04EC0-301F-11D3-BF4B-00C04F79EFBC}") = "TodoAppWebApi.ENTITIES", "TodoAppWebApi.ENTITIES\TodoAppWebApi.ENTITIES.csproj", "{E48DDE8B-B19C-4D71-BB4C-5630EC719DDB}"
EndProject
Project("{FAE04EC0-301F-11D3-BF4B-00C04F79EFBC}") = "TodoAppWebApi.DAL", "TodoAppWebApi.DAL\TodoAppWebApi.DAL.csproj", "{A18DB80E-3B98-4D5F-975D-E1DB428A7BE5}"
EndProject
Project("{FAE04EC0-301F-11D3-BF4B-00C04F79EFBC}") = "TodoAppWebApi.BLL", "TodoAppWebApi.BLL\TodoAppWebApi.BLL.csproj", "{0D11AC29-6EC7-4A44-9872-800A5CC3F45A}"
EndProject
Project("{FAE04EC0-301F-11D3-BF4B-00C04F79EFBC}") = "TodoAppWebApi", "TodoAppWebApi\TodoAppWebApi.csproj", "{A45FADEF-F61A-4BB6-B25C-68A0076B0882}"
EndProject
Project("{FAE04EC0-301F-11D3-BF4B-00C04F79EFBC}") = "TodoAppWebApi.MVC", "TodoAppWebApi.MVC\TodoAppWebApi.MVC.csproj", "{5B6C59EC-B24A-4359-95A1-811DE9C58F26}"
EndProject
Project("{FAE04EC0-301F-11D3-BF4B-00C04F79EFBC}") = "Ertglr.Libraries.Common", "Ertglr.Libraries.Common\Ertglr.Libraries.Common.csproj", "{DA4D12D6-B053-4A0F-B78A-DDBDB97931E4}"
EndProject
Global
	GlobalSection(SolutionConfigurationPlatforms) = preSolution
		Debug|Any CPU = Debug|Any CPU
		Release|Any CPU = Release|Any CPU
	EndGlobalSection
	GlobalSection(ProjectConfigurationPlatforms) = postSolution
		{E48DDE8B-B19C-4D71-BB4C-5630EC719DDB}.Debug|Any CPU.ActiveCfg = Debug|Any CPU
		{E48DDE8B-B19C-4D71-BB4C-5630EC719DDB}.Debug|Any CPU.Build.0 = Debug|Any CPU
		{E48DDE8B-B19C-4D71-BB4C-5630EC719DDB}.Release|Any CPU.ActiveCfg = Release|Any CPU
		{E48DDE8B-B19C-4D71-BB4C-5630EC719DDB}.Release|Any CPU.Build.0 = Release|Any CPU
		{A18DB80E-3B98-4D5F-975D-E1DB428A7BE5}.Debug|Any CPU.ActiveCfg = Debug|Any CPU
		{A18DB80E-3B98-4D5F-975D-E1DB428A7BE5}.Debug|Any CPU.Build.0 = Debug|Any CPU
		{A18DB80E-3B98-4D5F-975D-E1DB428A7BE5}.Release|Any CPU.ActiveCfg = Release|Any CPU
		{A18DB80E-3B98-4D5F-975D-E1DB428A7BE5}.Release|Any CPU.Build.0 = Release|Any CPU
		{0D11AC29-6EC7-4A44-9872-800A5CC3F45A}.Debug|Any CPU.ActiveCfg = Debug|Any CPU
		{0D11AC29-6EC7-4A44-9872-800A5CC3F45A}.Debug|Any CPU.Build.0 = Debug|Any CPU
		{0D11AC29-6EC7-4A44-9872-800A5CC3F45A}.Release|Any CPU.ActiveCfg = Release|Any CPU
		{0D11AC29-6EC7-4A44-9872-800A5CC3F45A}.Release|Any CPU.Build.0 = Release|Any CPU
		{A45FADEF-F61A-4BB6-B25C-68A0076B0882}.Debug|Any CPU.ActiveCfg = Debug|Any CPU
		{A45FADEF-F61A-4BB6-B25C-68A0076B0882}.Debug|Any CPU.Build.0 = Debug|Any CPU
		{A45FADEF-F61A-4BB6-B25C-68A0076B0882}.Release|Any CPU.ActiveCfg = Release|Any CPU
		{A45FADEF-F61A-4BB6-B25C-68A0076B0882}.Release|Any CPU.Build.0 = Release|Any CPU
		{5B6C59EC-B24A-4359-95A1-811DE9C58F26}.Debug|Any CPU.ActiveCfg = Debug|Any CPU
		{5B6C59EC-B24A-4359-95A1-811DE9C58F26}.Debug|Any CPU.Build.0 = Debug|Any CPU
		{5B6C59EC-B24A-4359-95A1-811DE9C58F26}.Release|Any CPU.ActiveCfg = Release|Any CPU
		{5B6C59EC-B24A-4359-95A1-811DE9C58F26}.Release|Any CPU.Build.0 = Release|Any CPU
		{DA4D12D6-B053-4A0F-B78A-DDBDB97931E4}.Debug|Any CPU.ActiveCfg = Debug|Any CPU
		{DA4D12D6-B053-4A0F-B78A-DDBDB97931E4}.Debug|Any CPU.Build.0 = Debug|Any CPU
		{DA4D12D6-B053-4A0F-B78A-DDBDB97931E4}.Release|Any CPU.ActiveCfg = Release|Any CPU
		{DA4D12D6-B053-4A0F-B78A-DDBDB97931E4}.Release|Any CPU.Build.0 = Release|Any CPU
	EndGlobalSection
	GlobalSection(SolutionProperties) = preSolution
		HideSolutionNode = FALSE
	EndGlobalSection
	GlobalSection(ExtensibilityGlobals) = postSolution
		SolutionGuid = {0B7B0F41-CE1F-4B3C-B92B-A8AA22C374F7}
	EndGlobalSection
EndGlobal
